{
  "nodes": {
    "nixpkgs": {
      "locked": {
        "lastModified": 1716170507,
        "narHash": "sha256-EAJWIo2uRoELjlI9+RAL/9QF4D+SSHqYLyMW4QTZLP0=",
        "owner": "nixos",
        "repo": "nixpkgs",
        "rev": "f72f67152a44df2d2c09a578bac8e09b9390279b",
        "type": "github"
      },
      "original": {
        "owner": "nixos",
        "ref": "nixos-unstable-small",
        "repo": "nixpkgs",
        "type": "github"
      }
    },
    "root": {
      "inputs": {
        "nixpkgs": "nixpkgs"
      }
    }
  },
  "root": "root",
  "version": 7
}
