{
  "nodes": {
    "nixpkgs": {
      "locked": {
        "lastModified": 1695640181,
        "narHash": "sha256-HilHtaUnobHwFBhlDEnzyR+/dLv879RXLga7lBb975s=",
        "owner": "nixos",
        "repo": "nixpkgs",
        "rev": "ec9b914767dcd589bc47d8ed73f21e429b95c4e6",
        "type": "github"
      },
      "original": {
        "owner": "nixos",
        "repo": "nixpkgs",
        "type": "github"
      }
    },
    "root": {
      "inputs": {
        "nixpkgs": "nixpkgs"
      }
    }
  },
  "root": "root",
  "version": 7
}
